
Microsoft Visual Studio Solution File, Format Version 12.00
# Visual Studio 14
VisualStudioVersion = 14.0.25420.1
MinimumVisualStudioVersion = 10.0.40219.1
Project("{FAE04EC0-301F-11D3-BF4B-00C04F79EFBC}") = "PartsUnlimited", "src\PartsUnlimited.Mobile\PartsUnlimited\PartsUnlimited.csproj", "{DA4F4B28-B4A5-4069-90C2-EC3DE390BC49}"
EndProject
Project("{FAE04EC0-301F-11D3-BF4B-00C04F79EFBC}") = "PartsUnlimited.Droid", "src\PartsUnlimited.Mobile\PartsUnlimited.Droid\PartsUnlimited.Droid.csproj", "{6FCA4FC6-071D-45EA-A977-7AF63A81A203}"
EndProject
Project("{FAE04EC0-301F-11D3-BF4B-00C04F79EFBC}") = "PartsUnlimited.UWP", "src\PartsUnlimited.Mobile\PartsUnlimited.UWP\PartsUnlimited.UWP.csproj", "{E50F9208-4AA4-437C-8B83-A9F8536E31B9}"
EndProject
Project("{FAE04EC0-301F-11D3-BF4B-00C04F79EFBC}") = "PartsUnlimited.iOS", "src\PartsUnlimited.Mobile\PartsUnlimited.iOS\PartsUnlimited.iOS.csproj", "{09C947B0-C782-4660-8C20-CB7CC612C7BB}"
EndProject
Global
	GlobalSection(SolutionConfigurationPlatforms) = preSolution
		Ad-Hoc|Any CPU = Ad-Hoc|Any CPU
		Ad-Hoc|ARM = Ad-Hoc|ARM
		Ad-Hoc|iPhone = Ad-Hoc|iPhone
		Ad-Hoc|iPhoneSimulator = Ad-Hoc|iPhoneSimulator
		Ad-Hoc|x64 = Ad-Hoc|x64
		Ad-Hoc|x86 = Ad-Hoc|x86
		AppStore|Any CPU = AppStore|Any CPU
		AppStore|ARM = AppStore|ARM
		AppStore|iPhone = AppStore|iPhone
		AppStore|iPhoneSimulator = AppStore|iPhoneSimulator
		AppStore|x64 = AppStore|x64
		AppStore|x86 = AppStore|x86
		Debug|Any CPU = Debug|Any CPU
		Debug|ARM = Debug|ARM
		Debug|iPhone = Debug|iPhone
		Debug|iPhoneSimulator = Debug|iPhoneSimulator
		Debug|x64 = Debug|x64
		Debug|x86 = Debug|x86
		Release|Any CPU = Release|Any CPU
		Release|ARM = Release|ARM
		Release|iPhone = Release|iPhone
		Release|iPhoneSimulator = Release|iPhoneSimulator
		Release|x64 = Release|x64
		Release|x86 = Release|x86
	EndGlobalSection
	GlobalSection(ProjectConfigurationPlatforms) = postSolution
		{DA4F4B28-B4A5-4069-90C2-EC3DE390BC49}.Ad-Hoc|Any CPU.ActiveCfg = Release|Any CPU
		{DA4F4B28-B4A5-4069-90C2-EC3DE390BC49}.Ad-Hoc|Any CPU.Build.0 = Release|Any CPU
		{DA4F4B28-B4A5-4069-90C2-EC3DE390BC49}.Ad-Hoc|ARM.ActiveCfg = Release|Any CPU
		{DA4F4B28-B4A5-4069-90C2-EC3DE390BC49}.Ad-Hoc|ARM.Build.0 = Release|Any CPU
		{DA4F4B28-B4A5-4069-90C2-EC3DE390BC49}.Ad-Hoc|iPhone.ActiveCfg = Release|Any CPU
		{DA4F4B28-B4A5-4069-90C2-EC3DE390BC49}.Ad-Hoc|iPhone.Build.0 = Release|Any CPU
		{DA4F4B28-B4A5-4069-90C2-EC3DE390BC49}.Ad-Hoc|iPhoneSimulator.ActiveCfg = Release|Any CPU
		{DA4F4B28-B4A5-4069-90C2-EC3DE390BC49}.Ad-Hoc|iPhoneSimulator.Build.0 = Release|Any CPU
		{DA4F4B28-B4A5-4069-90C2-EC3DE390BC49}.Ad-Hoc|x64.ActiveCfg = Release|Any CPU
		{DA4F4B28-B4A5-4069-90C2-EC3DE390BC49}.Ad-Hoc|x64.Build.0 = Release|Any CPU
		{DA4F4B28-B4A5-4069-90C2-EC3DE390BC49}.Ad-Hoc|x86.ActiveCfg = Release|Any CPU
		{DA4F4B28-B4A5-4069-90C2-EC3DE390BC49}.Ad-Hoc|x86.Build.0 = Release|Any CPU
		{DA4F4B28-B4A5-4069-90C2-EC3DE390BC49}.AppStore|Any CPU.ActiveCfg = Release|Any CPU
		{DA4F4B28-B4A5-4069-90C2-EC3DE390BC49}.AppStore|Any CPU.Build.0 = Release|Any CPU
		{DA4F4B28-B4A5-4069-90C2-EC3DE390BC49}.AppStore|ARM.ActiveCfg = Release|Any CPU
		{DA4F4B28-B4A5-4069-90C2-EC3DE390BC49}.AppStore|ARM.Build.0 = Release|Any CPU
		{DA4F4B28-B4A5-4069-90C2-EC3DE390BC49}.AppStore|iPhone.ActiveCfg = Release|Any CPU
		{DA4F4B28-B4A5-4069-90C2-EC3DE390BC49}.AppStore|iPhone.Build.0 = Release|Any CPU
		{DA4F4B28-B4A5-4069-90C2-EC3DE390BC49}.AppStore|iPhoneSimulator.ActiveCfg = Release|Any CPU
		{DA4F4B28-B4A5-4069-90C2-EC3DE390BC49}.AppStore|iPhoneSimulator.Build.0 = Release|Any CPU
		{DA4F4B28-B4A5-4069-90C2-EC3DE390BC49}.AppStore|x64.ActiveCfg = Release|Any CPU
		{DA4F4B28-B4A5-4069-90C2-EC3DE390BC49}.AppStore|x64.Build.0 = Release|Any CPU
		{DA4F4B28-B4A5-4069-90C2-EC3DE390BC49}.AppStore|x86.ActiveCfg = Release|Any CPU
		{DA4F4B28-B4A5-4069-90C2-EC3DE390BC49}.AppStore|x86.Build.0 = Release|Any CPU
		{DA4F4B28-B4A5-4069-90C2-EC3DE390BC49}.Debug|Any CPU.ActiveCfg = Debug|Any CPU
		{DA4F4B28-B4A5-4069-90C2-EC3DE390BC49}.Debug|Any CPU.Build.0 = Debug|Any CPU
		{DA4F4B28-B4A5-4069-90C2-EC3DE390BC49}.Debug|ARM.ActiveCfg = Debug|Any CPU
		{DA4F4B28-B4A5-4069-90C2-EC3DE390BC49}.Debug|ARM.Build.0 = Debug|Any CPU
		{DA4F4B28-B4A5-4069-90C2-EC3DE390BC49}.Debug|iPhone.ActiveCfg = Debug|Any CPU
		{DA4F4B28-B4A5-4069-90C2-EC3DE390BC49}.Debug|iPhone.Build.0 = Debug|Any CPU
		{DA4F4B28-B4A5-4069-90C2-EC3DE390BC49}.Debug|iPhoneSimulator.ActiveCfg = Debug|Any CPU
		{DA4F4B28-B4A5-4069-90C2-EC3DE390BC49}.Debug|iPhoneSimulator.Build.0 = Debug|Any CPU
		{DA4F4B28-B4A5-4069-90C2-EC3DE390BC49}.Debug|x64.ActiveCfg = Debug|Any CPU
		{DA4F4B28-B4A5-4069-90C2-EC3DE390BC49}.Debug|x64.Build.0 = Debug|Any CPU
		{DA4F4B28-B4A5-4069-90C2-EC3DE390BC49}.Debug|x86.ActiveCfg = Debug|Any CPU
		{DA4F4B28-B4A5-4069-90C2-EC3DE390BC49}.Debug|x86.Build.0 = Debug|Any CPU
		{DA4F4B28-B4A5-4069-90C2-EC3DE390BC49}.Release|Any CPU.ActiveCfg = Release|Any CPU
		{DA4F4B28-B4A5-4069-90C2-EC3DE390BC49}.Release|Any CPU.Build.0 = Release|Any CPU
		{DA4F4B28-B4A5-4069-90C2-EC3DE390BC49}.Release|ARM.ActiveCfg = Release|Any CPU
		{DA4F4B28-B4A5-4069-90C2-EC3DE390BC49}.Release|ARM.Build.0 = Release|Any CPU
		{DA4F4B28-B4A5-4069-90C2-EC3DE390BC49}.Release|iPhone.ActiveCfg = Release|Any CPU
		{DA4F4B28-B4A5-4069-90C2-EC3DE390BC49}.Release|iPhone.Build.0 = Release|Any CPU
		{DA4F4B28-B4A5-4069-90C2-EC3DE390BC49}.Release|iPhoneSimulator.ActiveCfg = Release|Any CPU
		{DA4F4B28-B4A5-4069-90C2-EC3DE390BC49}.Release|iPhoneSimulator.Build.0 = Release|Any CPU
		{DA4F4B28-B4A5-4069-90C2-EC3DE390BC49}.Release|x64.ActiveCfg = Release|Any CPU
		{DA4F4B28-B4A5-4069-90C2-EC3DE390BC49}.Release|x64.Build.0 = Release|Any CPU
		{DA4F4B28-B4A5-4069-90C2-EC3DE390BC49}.Release|x86.ActiveCfg = Release|Any CPU
		{DA4F4B28-B4A5-4069-90C2-EC3DE390BC49}.Release|x86.Build.0 = Release|Any CPU
		{6FCA4FC6-071D-45EA-A977-7AF63A81A203}.Ad-Hoc|Any CPU.ActiveCfg = Release|Any CPU
		{6FCA4FC6-071D-45EA-A977-7AF63A81A203}.Ad-Hoc|Any CPU.Build.0 = Release|Any CPU
		{6FCA4FC6-071D-45EA-A977-7AF63A81A203}.Ad-Hoc|Any CPU.Deploy.0 = Release|Any CPU
		{6FCA4FC6-071D-45EA-A977-7AF63A81A203}.Ad-Hoc|ARM.ActiveCfg = Release|Any CPU
		{6FCA4FC6-071D-45EA-A977-7AF63A81A203}.Ad-Hoc|ARM.Build.0 = Release|Any CPU
		{6FCA4FC6-071D-45EA-A977-7AF63A81A203}.Ad-Hoc|ARM.Deploy.0 = Release|Any CPU
		{6FCA4FC6-071D-45EA-A977-7AF63A81A203}.Ad-Hoc|iPhone.ActiveCfg = Release|Any CPU
		{6FCA4FC6-071D-45EA-A977-7AF63A81A203}.Ad-Hoc|iPhone.Build.0 = Release|Any CPU
		{6FCA4FC6-071D-45EA-A977-7AF63A81A203}.Ad-Hoc|iPhone.Deploy.0 = Release|Any CPU
		{6FCA4FC6-071D-45EA-A977-7AF63A81A203}.Ad-Hoc|iPhoneSimulator.ActiveCfg = Release|Any CPU
		{6FCA4FC6-071D-45EA-A977-7AF63A81A203}.Ad-Hoc|iPhoneSimulator.Build.0 = Release|Any CPU
		{6FCA4FC6-071D-45EA-A977-7AF63A81A203}.Ad-Hoc|iPhoneSimulator.Deploy.0 = Release|Any CPU
		{6FCA4FC6-071D-45EA-A977-7AF63A81A203}.Ad-Hoc|x64.ActiveCfg = Release|Any CPU
		{6FCA4FC6-071D-45EA-A977-7AF63A81A203}.Ad-Hoc|x64.Build.0 = Release|Any CPU
		{6FCA4FC6-071D-45EA-A977-7AF63A81A203}.Ad-Hoc|x64.Deploy.0 = Release|Any CPU
		{6FCA4FC6-071D-45EA-A977-7AF63A81A203}.Ad-Hoc|x86.ActiveCfg = Release|Any CPU
		{6FCA4FC6-071D-45EA-A977-7AF63A81A203}.Ad-Hoc|x86.Build.0 = Release|Any CPU
		{6FCA4FC6-071D-45EA-A977-7AF63A81A203}.Ad-Hoc|x86.Deploy.0 = Release|Any CPU
		{6FCA4FC6-071D-45EA-A977-7AF63A81A203}.AppStore|Any CPU.ActiveCfg = Release|Any CPU
		{6FCA4FC6-071D-45EA-A977-7AF63A81A203}.AppStore|Any CPU.Build.0 = Release|Any CPU
		{6FCA4FC6-071D-45EA-A977-7AF63A81A203}.AppStore|Any CPU.Deploy.0 = Release|Any CPU
		{6FCA4FC6-071D-45EA-A977-7AF63A81A203}.AppStore|ARM.ActiveCfg = Release|Any CPU
		{6FCA4FC6-071D-45EA-A977-7AF63A81A203}.AppStore|ARM.Build.0 = Release|Any CPU
		{6FCA4FC6-071D-45EA-A977-7AF63A81A203}.AppStore|ARM.Deploy.0 = Release|Any CPU
		{6FCA4FC6-071D-45EA-A977-7AF63A81A203}.AppStore|iPhone.ActiveCfg = Release|Any CPU
		{6FCA4FC6-071D-45EA-A977-7AF63A81A203}.AppStore|iPhone.Build.0 = Release|Any CPU
		{6FCA4FC6-071D-45EA-A977-7AF63A81A203}.AppStore|iPhone.Deploy.0 = Release|Any CPU
		{6FCA4FC6-071D-45EA-A977-7AF63A81A203}.AppStore|iPhoneSimulator.ActiveCfg = Release|Any CPU
		{6FCA4FC6-071D-45EA-A977-7AF63A81A203}.AppStore|iPhoneSimulator.Build.0 = Release|Any CPU
		{6FCA4FC6-071D-45EA-A977-7AF63A81A203}.AppStore|iPhoneSimulator.Deploy.0 = Release|Any CPU
		{6FCA4FC6-071D-45EA-A977-7AF63A81A203}.AppStore|x64.ActiveCfg = Release|Any CPU
		{6FCA4FC6-071D-45EA-A977-7AF63A81A203}.AppStore|x64.Build.0 = Release|Any CPU
		{6FCA4FC6-071D-45EA-A977-7AF63A81A203}.AppStore|x64.Deploy.0 = Release|Any CPU
		{6FCA4FC6-071D-45EA-A977-7AF63A81A203}.AppStore|x86.ActiveCfg = Release|Any CPU
		{6FCA4FC6-071D-45EA-A977-7AF63A81A203}.AppStore|x86.Build.0 = Release|Any CPU
		{6FCA4FC6-071D-45EA-A977-7AF63A81A203}.AppStore|x86.Deploy.0 = Release|Any CPU
		{6FCA4FC6-071D-45EA-A977-7AF63A81A203}.Debug|Any CPU.ActiveCfg = Debug|Any CPU
		{6FCA4FC6-071D-45EA-A977-7AF63A81A203}.Debug|Any CPU.Build.0 = Debug|Any CPU
		{6FCA4FC6-071D-45EA-A977-7AF63A81A203}.Debug|Any CPU.Deploy.0 = Debug|Any CPU
		{6FCA4FC6-071D-45EA-A977-7AF63A81A203}.Debug|ARM.ActiveCfg = Debug|Any CPU
		{6FCA4FC6-071D-45EA-A977-7AF63A81A203}.Debug|ARM.Build.0 = Debug|Any CPU
		{6FCA4FC6-071D-45EA-A977-7AF63A81A203}.Debug|ARM.Deploy.0 = Debug|Any CPU
		{6FCA4FC6-071D-45EA-A977-7AF63A81A203}.Debug|iPhone.ActiveCfg = Debug|Any CPU
		{6FCA4FC6-071D-45EA-A977-7AF63A81A203}.Debug|iPhone.Build.0 = Debug|Any CPU
		{6FCA4FC6-071D-45EA-A977-7AF63A81A203}.Debug|iPhone.Deploy.0 = Debug|Any CPU
		{6FCA4FC6-071D-45EA-A977-7AF63A81A203}.Debug|iPhoneSimulator.ActiveCfg = Debug|Any CPU
		{6FCA4FC6-071D-45EA-A977-7AF63A81A203}.Debug|iPhoneSimulator.Build.0 = Debug|Any CPU
		{6FCA4FC6-071D-45EA-A977-7AF63A81A203}.Debug|iPhoneSimulator.Deploy.0 = Debug|Any CPU
		{6FCA4FC6-071D-45EA-A977-7AF63A81A203}.Debug|x64.ActiveCfg = Debug|Any CPU
		{6FCA4FC6-071D-45EA-A977-7AF63A81A203}.Debug|x64.Build.0 = Debug|Any CPU
		{6FCA4FC6-071D-45EA-A977-7AF63A81A203}.Debug|x64.Deploy.0 = Debug|Any CPU
		{6FCA4FC6-071D-45EA-A977-7AF63A81A203}.Debug|x86.ActiveCfg = Debug|Any CPU
		{6FCA4FC6-071D-45EA-A977-7AF63A81A203}.Debug|x86.Build.0 = Debug|Any CPU
		{6FCA4FC6-071D-45EA-A977-7AF63A81A203}.Debug|x86.Deploy.0 = Debug|Any CPU
		{6FCA4FC6-071D-45EA-A977-7AF63A81A203}.Release|Any CPU.ActiveCfg = Release|Any CPU
		{6FCA4FC6-071D-45EA-A977-7AF63A81A203}.Release|Any CPU.Build.0 = Release|Any CPU
		{6FCA4FC6-071D-45EA-A977-7AF63A81A203}.Release|Any CPU.Deploy.0 = Release|Any CPU
		{6FCA4FC6-071D-45EA-A977-7AF63A81A203}.Release|ARM.ActiveCfg = Release|Any CPU
		{6FCA4FC6-071D-45EA-A977-7AF63A81A203}.Release|ARM.Build.0 = Release|Any CPU
		{6FCA4FC6-071D-45EA-A977-7AF63A81A203}.Release|ARM.Deploy.0 = Release|Any CPU
		{6FCA4FC6-071D-45EA-A977-7AF63A81A203}.Release|iPhone.ActiveCfg = Release|Any CPU
		{6FCA4FC6-071D-45EA-A977-7AF63A81A203}.Release|iPhone.Build.0 = Release|Any CPU
		{6FCA4FC6-071D-45EA-A977-7AF63A81A203}.Release|iPhone.Deploy.0 = Release|Any CPU
		{6FCA4FC6-071D-45EA-A977-7AF63A81A203}.Release|iPhoneSimulator.ActiveCfg = Release|Any CPU
		{6FCA4FC6-071D-45EA-A977-7AF63A81A203}.Release|iPhoneSimulator.Build.0 = Release|Any CPU
		{6FCA4FC6-071D-45EA-A977-7AF63A81A203}.Release|iPhoneSimulator.Deploy.0 = Release|Any CPU
		{6FCA4FC6-071D-45EA-A977-7AF63A81A203}.Release|x64.ActiveCfg = Release|Any CPU
		{6FCA4FC6-071D-45EA-A977-7AF63A81A203}.Release|x64.Build.0 = Release|Any CPU
		{6FCA4FC6-071D-45EA-A977-7AF63A81A203}.Release|x64.Deploy.0 = Release|Any CPU
		{6FCA4FC6-071D-45EA-A977-7AF63A81A203}.Release|x86.ActiveCfg = Release|Any CPU
		{6FCA4FC6-071D-45EA-A977-7AF63A81A203}.Release|x86.Build.0 = Release|Any CPU
		{6FCA4FC6-071D-45EA-A977-7AF63A81A203}.Release|x86.Deploy.0 = Release|Any CPU
		{E50F9208-4AA4-437C-8B83-A9F8536E31B9}.Ad-Hoc|Any CPU.ActiveCfg = Release|x86
		{E50F9208-4AA4-437C-8B83-A9F8536E31B9}.Ad-Hoc|Any CPU.Build.0 = Release|x86
		{E50F9208-4AA4-437C-8B83-A9F8536E31B9}.Ad-Hoc|Any CPU.Deploy.0 = Release|x86
		{E50F9208-4AA4-437C-8B83-A9F8536E31B9}.Ad-Hoc|ARM.ActiveCfg = Release|ARM
		{E50F9208-4AA4-437C-8B83-A9F8536E31B9}.Ad-Hoc|ARM.Build.0 = Release|ARM
		{E50F9208-4AA4-437C-8B83-A9F8536E31B9}.Ad-Hoc|ARM.Deploy.0 = Release|ARM
		{E50F9208-4AA4-437C-8B83-A9F8536E31B9}.Ad-Hoc|iPhone.ActiveCfg = Release|x86
		{E50F9208-4AA4-437C-8B83-A9F8536E31B9}.Ad-Hoc|iPhone.Build.0 = Release|x86
		{E50F9208-4AA4-437C-8B83-A9F8536E31B9}.Ad-Hoc|iPhone.Deploy.0 = Release|x86
		{E50F9208-4AA4-437C-8B83-A9F8536E31B9}.Ad-Hoc|iPhoneSimulator.ActiveCfg = Release|x86
		{E50F9208-4AA4-437C-8B83-A9F8536E31B9}.Ad-Hoc|iPhoneSimulator.Build.0 = Release|x86
		{E50F9208-4AA4-437C-8B83-A9F8536E31B9}.Ad-Hoc|iPhoneSimulator.Deploy.0 = Release|x86
		{E50F9208-4AA4-437C-8B83-A9F8536E31B9}.Ad-Hoc|x64.ActiveCfg = Release|x64
		{E50F9208-4AA4-437C-8B83-A9F8536E31B9}.Ad-Hoc|x64.Build.0 = Release|x64
		{E50F9208-4AA4-437C-8B83-A9F8536E31B9}.Ad-Hoc|x64.Deploy.0 = Release|x64
		{E50F9208-4AA4-437C-8B83-A9F8536E31B9}.Ad-Hoc|x86.ActiveCfg = Release|x86
		{E50F9208-4AA4-437C-8B83-A9F8536E31B9}.Ad-Hoc|x86.Build.0 = Release|x86
		{E50F9208-4AA4-437C-8B83-A9F8536E31B9}.Ad-Hoc|x86.Deploy.0 = Release|x86
		{E50F9208-4AA4-437C-8B83-A9F8536E31B9}.AppStore|Any CPU.ActiveCfg = Release|x86
		{E50F9208-4AA4-437C-8B83-A9F8536E31B9}.AppStore|Any CPU.Build.0 = Release|x86
		{E50F9208-4AA4-437C-8B83-A9F8536E31B9}.AppStore|Any CPU.Deploy.0 = Release|x86
		{E50F9208-4AA4-437C-8B83-A9F8536E31B9}.AppStore|ARM.ActiveCfg = Release|ARM
		{E50F9208-4AA4-437C-8B83-A9F8536E31B9}.AppStore|ARM.Build.0 = Release|ARM
		{E50F9208-4AA4-437C-8B83-A9F8536E31B9}.AppStore|ARM.Deploy.0 = Release|ARM
		{E50F9208-4AA4-437C-8B83-A9F8536E31B9}.AppStore|iPhone.ActiveCfg = Release|x86
		{E50F9208-4AA4-437C-8B83-A9F8536E31B9}.AppStore|iPhone.Build.0 = Release|x86
		{E50F9208-4AA4-437C-8B83-A9F8536E31B9}.AppStore|iPhone.Deploy.0 = Release|x86
		{E50F9208-4AA4-437C-8B83-A9F8536E31B9}.AppStore|iPhoneSimulator.ActiveCfg = Release|x86
		{E50F9208-4AA4-437C-8B83-A9F8536E31B9}.AppStore|iPhoneSimulator.Build.0 = Release|x86
		{E50F9208-4AA4-437C-8B83-A9F8536E31B9}.AppStore|iPhoneSimulator.Deploy.0 = Release|x86
		{E50F9208-4AA4-437C-8B83-A9F8536E31B9}.AppStore|x64.ActiveCfg = Release|x64
		{E50F9208-4AA4-437C-8B83-A9F8536E31B9}.AppStore|x64.Build.0 = Release|x64
		{E50F9208-4AA4-437C-8B83-A9F8536E31B9}.AppStore|x64.Deploy.0 = Release|x64
		{E50F9208-4AA4-437C-8B83-A9F8536E31B9}.AppStore|x86.ActiveCfg = Release|x86
		{E50F9208-4AA4-437C-8B83-A9F8536E31B9}.AppStore|x86.Build.0 = Release|x86
		{E50F9208-4AA4-437C-8B83-A9F8536E31B9}.AppStore|x86.Deploy.0 = Release|x86
		{E50F9208-4AA4-437C-8B83-A9F8536E31B9}.Debug|Any CPU.ActiveCfg = Debug|x86
		{E50F9208-4AA4-437C-8B83-A9F8536E31B9}.Debug|Any CPU.Build.0 = Debug|x86
		{E50F9208-4AA4-437C-8B83-A9F8536E31B9}.Debug|Any CPU.Deploy.0 = Debug|x86
		{E50F9208-4AA4-437C-8B83-A9F8536E31B9}.Debug|ARM.ActiveCfg = Debug|ARM
		{E50F9208-4AA4-437C-8B83-A9F8536E31B9}.Debug|ARM.Build.0 = Debug|ARM
		{E50F9208-4AA4-437C-8B83-A9F8536E31B9}.Debug|ARM.Deploy.0 = Debug|ARM
		{E50F9208-4AA4-437C-8B83-A9F8536E31B9}.Debug|iPhone.ActiveCfg = Debug|x86
		{E50F9208-4AA4-437C-8B83-A9F8536E31B9}.Debug|iPhoneSimulator.ActiveCfg = Debug|x86
		{E50F9208-4AA4-437C-8B83-A9F8536E31B9}.Debug|x64.ActiveCfg = Debug|x64
		{E50F9208-4AA4-437C-8B83-A9F8536E31B9}.Debug|x64.Build.0 = Debug|x64
		{E50F9208-4AA4-437C-8B83-A9F8536E31B9}.Debug|x64.Deploy.0 = Debug|x64
		{E50F9208-4AA4-437C-8B83-A9F8536E31B9}.Debug|x86.ActiveCfg = Debug|x86
		{E50F9208-4AA4-437C-8B83-A9F8536E31B9}.Debug|x86.Build.0 = Debug|x86
		{E50F9208-4AA4-437C-8B83-A9F8536E31B9}.Debug|x86.Deploy.0 = Debug|x86
		{E50F9208-4AA4-437C-8B83-A9F8536E31B9}.Release|Any CPU.ActiveCfg = Release|x86
		{E50F9208-4AA4-437C-8B83-A9F8536E31B9}.Release|ARM.ActiveCfg = Release|ARM
		{E50F9208-4AA4-437C-8B83-A9F8536E31B9}.Release|ARM.Build.0 = Release|ARM
		{E50F9208-4AA4-437C-8B83-A9F8536E31B9}.Release|ARM.Deploy.0 = Release|ARM
		{E50F9208-4AA4-437C-8B83-A9F8536E31B9}.Release|iPhone.ActiveCfg = Release|x86
		{E50F9208-4AA4-437C-8B83-A9F8536E31B9}.Release|iPhoneSimulator.ActiveCfg = Release|x86
		{E50F9208-4AA4-437C-8B83-A9F8536E31B9}.Release|x64.ActiveCfg = Release|x64
		{E50F9208-4AA4-437C-8B83-A9F8536E31B9}.Release|x64.Build.0 = Release|x64
		{E50F9208-4AA4-437C-8B83-A9F8536E31B9}.Release|x64.Deploy.0 = Release|x64
		{E50F9208-4AA4-437C-8B83-A9F8536E31B9}.Release|x86.ActiveCfg = Release|x86
		{E50F9208-4AA4-437C-8B83-A9F8536E31B9}.Release|x86.Build.0 = Release|x86
		{E50F9208-4AA4-437C-8B83-A9F8536E31B9}.Release|x86.Deploy.0 = Release|x86
		{09C947B0-C782-4660-8C20-CB7CC612C7BB}.Ad-Hoc|Any CPU.ActiveCfg = Ad-Hoc|iPhone
		{09C947B0-C782-4660-8C20-CB7CC612C7BB}.Ad-Hoc|ARM.ActiveCfg = Ad-Hoc|iPhone
		{09C947B0-C782-4660-8C20-CB7CC612C7BB}.Ad-Hoc|iPhone.ActiveCfg = Ad-Hoc|iPhone
		{09C947B0-C782-4660-8C20-CB7CC612C7BB}.Ad-Hoc|iPhone.Build.0 = Ad-Hoc|iPhone
		{09C947B0-C782-4660-8C20-CB7CC612C7BB}.Ad-Hoc|iPhoneSimulator.ActiveCfg = Ad-Hoc|iPhoneSimulator
		{09C947B0-C782-4660-8C20-CB7CC612C7BB}.Ad-Hoc|iPhoneSimulator.Build.0 = Ad-Hoc|iPhoneSimulator
		{09C947B0-C782-4660-8C20-CB7CC612C7BB}.Ad-Hoc|x64.ActiveCfg = Ad-Hoc|iPhone
		{09C947B0-C782-4660-8C20-CB7CC612C7BB}.Ad-Hoc|x86.ActiveCfg = Ad-Hoc|iPhone
		{09C947B0-C782-4660-8C20-CB7CC612C7BB}.AppStore|Any CPU.ActiveCfg = AppStore|iPhone
		{09C947B0-C782-4660-8C20-CB7CC612C7BB}.AppStore|ARM.ActiveCfg = AppStore|iPhone
		{09C947B0-C782-4660-8C20-CB7CC612C7BB}.AppStore|iPhone.ActiveCfg = AppStore|iPhone
		{09C947B0-C782-4660-8C20-CB7CC612C7BB}.AppStore|iPhone.Build.0 = AppStore|iPhone
		{09C947B0-C782-4660-8C20-CB7CC612C7BB}.AppStore|iPhoneSimulator.ActiveCfg = AppStore|iPhoneSimulator
		{09C947B0-C782-4660-8C20-CB7CC612C7BB}.AppStore|iPhoneSimulator.Build.0 = AppStore|iPhoneSimulator
		{09C947B0-C782-4660-8C20-CB7CC612C7BB}.AppStore|x64.ActiveCfg = AppStore|iPhone
		{09C947B0-C782-4660-8C20-CB7CC612C7BB}.AppStore|x86.ActiveCfg = AppStore|iPhone
		{09C947B0-C782-4660-8C20-CB7CC612C7BB}.Debug|Any CPU.ActiveCfg = Debug|iPhone
		{09C947B0-C782-4660-8C20-CB7CC612C7BB}.Debug|ARM.ActiveCfg = Debug|iPhone
		{09C947B0-C782-4660-8C20-CB7CC612C7BB}.Debug|iPhone.ActiveCfg = Debug|iPhone
		{09C947B0-C782-4660-8C20-CB7CC612C7BB}.Debug|iPhone.Build.0 = Debug|iPhone
		{09C947B0-C782-4660-8C20-CB7CC612C7BB}.Debug|iPhoneSimulator.ActiveCfg = Debug|iPhoneSimulator
		{09C947B0-C782-4660-8C20-CB7CC612C7BB}.Debug|iPhoneSimulator.Build.0 = Debug|iPhoneSimulator
		{09C947B0-C782-4660-8C20-CB7CC612C7BB}.Debug|x64.ActiveCfg = Debug|iPhone
		{09C947B0-C782-4660-8C20-CB7CC612C7BB}.Debug|x86.ActiveCfg = Debug|iPhone
		{09C947B0-C782-4660-8C20-CB7CC612C7BB}.Release|Any CPU.ActiveCfg = Release|iPhone
		{09C947B0-C782-4660-8C20-CB7CC612C7BB}.Release|ARM.ActiveCfg = Release|iPhone
		{09C947B0-C782-4660-8C20-CB7CC612C7BB}.Release|iPhone.ActiveCfg = Release|iPhone
		{09C947B0-C782-4660-8C20-CB7CC612C7BB}.Release|iPhone.Build.0 = Release|iPhone
		{09C947B0-C782-4660-8C20-CB7CC612C7BB}.Release|iPhoneSimulator.ActiveCfg = Release|iPhoneSimulator
		{09C947B0-C782-4660-8C20-CB7CC612C7BB}.Release|iPhoneSimulator.Build.0 = Release|iPhoneSimulator
		{09C947B0-C782-4660-8C20-CB7CC612C7BB}.Release|x64.ActiveCfg = Release|iPhone
		{09C947B0-C782-4660-8C20-CB7CC612C7BB}.Release|x86.ActiveCfg = Release|iPhone
	EndGlobalSection
	GlobalSection(SolutionProperties) = preSolution
		HideSolutionNode = FALSE
	EndGlobalSection
EndGlobal
