
Microsoft Visual Studio Solution File, Format Version 12.00
# Visual Studio 15
VisualStudioVersion = 15.0.27004.2005
MinimumVisualStudioVersion = 10.0.40219.1
Project("{9A19103F-16F7-4668-BE54-9A1E7A4F7556}") = "PartsUnlimitedWebsite", "src\PartsUnlimitedWebsite\PartsUnlimitedWebsite.csproj", "{14941417-5B07-4504-91C9-F7C679FEBA2A}"
EndProject
Project("{9A19103F-16F7-4668-BE54-9A1E7A4F7556}") = "PartsUnlimited.UnitTests", "test\PartsUnlimited.UnitTests\PartsUnlimited.UnitTests.csproj", "{A25531B4-E1C7-4A0A-B719-A35BC6A43635}"
EndProject
Project("{9A19103F-16F7-4668-BE54-9A1E7A4F7556}") = "PartsUnlimited.Models", "src\PartsUnlimited.Models\PartsUnlimited.Models.csproj", "{C6E18287-B905-4685-9653-515ED914990B}"
EndProject
Project("{151D2E53-A2C4-4D7D-83FE-D05416EBD58E}") = "PartsUnlimitedEnv", "env\PartsUnlimitedEnv.deployproj", "{BD52204A-7129-4FF2-B66C-34A5E6F70CDD}"
EndProject
Project("{9A19103F-16F7-4668-BE54-9A1E7A4F7556}") = "PartsUnlimited.WebJobs.ProcessOrder", "src\PartsUnlimited.WebJobs.ProcessOrder\PartsUnlimited.WebJobs.ProcessOrder.csproj", "{3BF0E46E-D3D0-4C4D-A24A-A606F7F6EBD4}"
EndProject
Project("{9A19103F-16F7-4668-BE54-9A1E7A4F7556}") = "PartsUnlimited.WebJobs.UpdateProductInventory", "src\PartsUnlimited.WebJobs.UpdateProductInventory\PartsUnlimited.WebJobs.UpdateProductInventory.csproj", "{55500A39-9A61-4C2A-86C9-67EE9A149034}"
EndProject
Global
	GlobalSection(SolutionConfigurationPlatforms) = preSolution
		Debug|Any CPU = Debug|Any CPU
		Release|Any CPU = Release|Any CPU
	EndGlobalSection
	GlobalSection(ProjectConfigurationPlatforms) = postSolution
		{14941417-5B07-4504-91C9-F7C679FEBA2A}.Debug|Any CPU.ActiveCfg = Debug|Any CPU
		{14941417-5B07-4504-91C9-F7C679FEBA2A}.Debug|Any CPU.Build.0 = Debug|Any CPU
		{14941417-5B07-4504-91C9-F7C679FEBA2A}.Release|Any CPU.ActiveCfg = Release|Any CPU
		{14941417-5B07-4504-91C9-F7C679FEBA2A}.Release|Any CPU.Build.0 = Release|Any CPU
		{A25531B4-E1C7-4A0A-B719-A35BC6A43635}.Debug|Any CPU.ActiveCfg = Debug|Any CPU
		{A25531B4-E1C7-4A0A-B719-A35BC6A43635}.Debug|Any CPU.Build.0 = Debug|Any CPU
		{A25531B4-E1C7-4A0A-B719-A35BC6A43635}.Release|Any CPU.ActiveCfg = Release|Any CPU
		{A25531B4-E1C7-4A0A-B719-A35BC6A43635}.Release|Any CPU.Build.0 = Release|Any CPU
		{C6E18287-B905-4685-9653-515ED914990B}.Debug|Any CPU.ActiveCfg = Debug|Any CPU
		{C6E18287-B905-4685-9653-515ED914990B}.Debug|Any CPU.Build.0 = Debug|Any CPU
		{C6E18287-B905-4685-9653-515ED914990B}.Release|Any CPU.ActiveCfg = Release|Any CPU
		{C6E18287-B905-4685-9653-515ED914990B}.Release|Any CPU.Build.0 = Release|Any CPU
		{BD52204A-7129-4FF2-B66C-34A5E6F70CDD}.Debug|Any CPU.ActiveCfg = Debug|Any CPU
		{BD52204A-7129-4FF2-B66C-34A5E6F70CDD}.Debug|Any CPU.Build.0 = Debug|Any CPU
		{BD52204A-7129-4FF2-B66C-34A5E6F70CDD}.Release|Any CPU.ActiveCfg = Release|Any CPU
		{BD52204A-7129-4FF2-B66C-34A5E6F70CDD}.Release|Any CPU.Build.0 = Release|Any CPU
		{3BF0E46E-D3D0-4C4D-A24A-A606F7F6EBD4}.Debug|Any CPU.ActiveCfg = Debug|Any CPU
		{3BF0E46E-D3D0-4C4D-A24A-A606F7F6EBD4}.Debug|Any CPU.Build.0 = Debug|Any CPU
		{3BF0E46E-D3D0-4C4D-A24A-A606F7F6EBD4}.Release|Any CPU.ActiveCfg = Release|Any CPU
		{3BF0E46E-D3D0-4C4D-A24A-A606F7F6EBD4}.Release|Any CPU.Build.0 = Release|Any CPU
		{55500A39-9A61-4C2A-86C9-67EE9A149034}.Debug|Any CPU.ActiveCfg = Debug|Any CPU
		{55500A39-9A61-4C2A-86C9-67EE9A149034}.Debug|Any CPU.Build.0 = Debug|Any CPU
		{55500A39-9A61-4C2A-86C9-67EE9A149034}.Release|Any CPU.ActiveCfg = Release|Any CPU
		{55500A39-9A61-4C2A-86C9-67EE9A149034}.Release|Any CPU.Build.0 = Release|Any CPU
	EndGlobalSection
	GlobalSection(SolutionProperties) = preSolution
		HideSolutionNode = FALSE
	EndGlobalSection
	GlobalSection(ExtensibilityGlobals) = postSolution
		SolutionGuid = {1D80E9FF-8E56-419C-BDFA-87AA27E032C5}
	EndGlobalSection
EndGlobal
