
Microsoft Visual Studio Solution File, Format Version 12.00
# Visual Studio 14
VisualStudioVersion = 14.0.25420.1
MinimumVisualStudioVersion = 10.0.40219.1
Project("{2150E333-8FDC-42A3-9474-1A3956D46DE8}") = "src", "src", "{8D24BBB2-5220-4522-8E87-9A455C886175}"
EndProject
Project("{FAE04EC0-301F-11D3-BF4B-00C04F79EFBC}") = "PartsUnlimitedWebsite", "src\PartsUnlimitedWebsite\PartsUnlimitedWebsite.csproj", "{68411661-4B0C-444A-BC13-2182FBB116B9}"
EndProject
Project("{2150E333-8FDC-42A3-9474-1A3956D46DE8}") = "tests", "tests", "{4110DE97-3235-463F-A7D1-54D98A31659A}"
EndProject
Project("{FAE04EC0-301F-11D3-BF4B-00C04F79EFBC}") = "PartsUnlimitedLoadTest", "tests\PartsUnlimitedLoadTest\PartsUnlimitedLoadTest.csproj", "{EC5DCAAC-8394-4A2F-A64A-2210D6E9B5B9}"
EndProject
Project("{FAE04EC0-301F-11D3-BF4B-00C04F79EFBC}") = "PartsUnlimitedWebsiteTests", "tests\PartsUnlimitedWebsiteTests\PartsUnlimitedWebsiteTests.csproj", "{0039BB37-1126-420C-B893-EBFC1E41F1C6}"
EndProject
Project("{151D2E53-A2C4-4D7D-83FE-D05416EBD58E}") = "PartsUnlimitedEnv", "env\PartsUnlimitedEnv.deployproj", "{BD52204A-7129-4FF2-B66C-34A5E6F70CDD}"
EndProject
Global
	GlobalSection(SolutionConfigurationPlatforms) = preSolution
		Debug|Any CPU = Debug|Any CPU
		Release|Any CPU = Release|Any CPU
	EndGlobalSection
	GlobalSection(ProjectConfigurationPlatforms) = postSolution
		{68411661-4B0C-444A-BC13-2182FBB116B9}.Debug|Any CPU.ActiveCfg = Debug|Any CPU
		{68411661-4B0C-444A-BC13-2182FBB116B9}.Debug|Any CPU.Build.0 = Debug|Any CPU
		{68411661-4B0C-444A-BC13-2182FBB116B9}.Release|Any CPU.ActiveCfg = Release|Any CPU
		{68411661-4B0C-444A-BC13-2182FBB116B9}.Release|Any CPU.Build.0 = Release|Any CPU
		{EC5DCAAC-8394-4A2F-A64A-2210D6E9B5B9}.Debug|Any CPU.ActiveCfg = Debug|Any CPU
		{EC5DCAAC-8394-4A2F-A64A-2210D6E9B5B9}.Debug|Any CPU.Build.0 = Debug|Any CPU
		{EC5DCAAC-8394-4A2F-A64A-2210D6E9B5B9}.Release|Any CPU.ActiveCfg = Release|Any CPU
		{EC5DCAAC-8394-4A2F-A64A-2210D6E9B5B9}.Release|Any CPU.Build.0 = Release|Any CPU
		{0039BB37-1126-420C-B893-EBFC1E41F1C6}.Debug|Any CPU.ActiveCfg = Debug|Any CPU
		{0039BB37-1126-420C-B893-EBFC1E41F1C6}.Debug|Any CPU.Build.0 = Debug|Any CPU
		{0039BB37-1126-420C-B893-EBFC1E41F1C6}.Release|Any CPU.ActiveCfg = Release|Any CPU
		{0039BB37-1126-420C-B893-EBFC1E41F1C6}.Release|Any CPU.Build.0 = Release|Any CPU
		{BD52204A-7129-4FF2-B66C-34A5E6F70CDD}.Debug|Any CPU.ActiveCfg = Debug|Any CPU
		{BD52204A-7129-4FF2-B66C-34A5E6F70CDD}.Debug|Any CPU.Build.0 = Debug|Any CPU
		{BD52204A-7129-4FF2-B66C-34A5E6F70CDD}.Release|Any CPU.ActiveCfg = Release|Any CPU
		{BD52204A-7129-4FF2-B66C-34A5E6F70CDD}.Release|Any CPU.Build.0 = Release|Any CPU
	EndGlobalSection
	GlobalSection(SolutionProperties) = preSolution
		HideSolutionNode = FALSE
	EndGlobalSection
	GlobalSection(NestedProjects) = preSolution
		{68411661-4B0C-444A-BC13-2182FBB116B9} = {8D24BBB2-5220-4522-8E87-9A455C886175}
		{EC5DCAAC-8394-4A2F-A64A-2210D6E9B5B9} = {4110DE97-3235-463F-A7D1-54D98A31659A}
		{0039BB37-1126-420C-B893-EBFC1E41F1C6} = {4110DE97-3235-463F-A7D1-54D98A31659A}
	EndGlobalSection
EndGlobal
