
Microsoft Visual Studio Solution File, Format Version 12.00
# Visual Studio 14
VisualStudioVersion = 14.0.25420.1
MinimumVisualStudioVersion = 10.0.40219.1
Project("{2150E333-8FDC-42A3-9474-1A3956D46DE8}") = ".nuget", ".nuget", "{44621553-AA7D-4893-8834-79582A7D8348}"
EndProject
Project("{2150E333-8FDC-42A3-9474-1A3956D46DE8}") = "Solution Items", "Solution Items", "{7D749BDA-4638-4517-B66A-D40DEDEEB141}"
	ProjectSection(SolutionItems) = preProject
		global.json = global.json
		NuGet.config = NuGet.config
	EndProjectSection
EndProject
Project("{2150E333-8FDC-42A3-9474-1A3956D46DE8}") = "src", "src", "{B7B176B6-8D4D-4EF1-BBD2-DDA650C78FFF}"
EndProject
Project("{2150E333-8FDC-42A3-9474-1A3956D46DE8}") = "test", "test", "{363D2681-31A6-48C9-90BB-9ACFF4A41F06}"
EndProject
Project("{8BB2217D-0F2D-49D1-97BC-3654ED321F3B}") = "PartsUnlimited.UnitTests", "test\PartsUnlimited.UnitTests\PartsUnlimited.UnitTests.xproj", "{0C64E1A0-7791-457B-BD8A-60CBA4979702}"
EndProject
Project("{8BB2217D-0F2D-49D1-97BC-3654ED321F3B}") = "PartsUnlimited.Models", "src\PartsUnlimited.Models\PartsUnlimited.Models.xproj", "{AF7CC9D8-E786-472B-85CD-8EE5E7429D25}"
EndProject
Project("{8BB2217D-0F2D-49D1-97BC-3654ED321F3B}") = "PartsUnlimited.WebJobs.UpdateProductInventory", "src\PartsUnlimited.WebJobs.UpdateProductInventory\PartsUnlimited.WebJobs.UpdateProductInventory.xproj", "{6F44879B-8659-4093-B9BB-E811B286CB49}"
EndProject
Project("{8BB2217D-0F2D-49D1-97BC-3654ED321F3B}") = "PartsUnlimited.WebJobs.ProcessOrder", "src\PartsUnlimited.WebJobs.ProcessOrder\PartsUnlimited.WebJobs.ProcessOrder.xproj", "{69D44EF8-50EB-4DB4-9371-AF08C69C8586}"
EndProject
Project("{8BB2217D-0F2D-49D1-97BC-3654ED321F3B}") = "PartsUnlimitedWebsite", "src\PartsUnlimitedWebsite\PartsUnlimitedWebsite.xproj", "{7C4EF04F-1261-42E3-A1D9-71197299585E}"
EndProject
Global
	GlobalSection(SolutionConfigurationPlatforms) = preSolution
		Debug|Any CPU = Debug|Any CPU
		Debug|Mixed Platforms = Debug|Mixed Platforms
		Debug|x86 = Debug|x86
		Release|Any CPU = Release|Any CPU
		Release|Mixed Platforms = Release|Mixed Platforms
		Release|x86 = Release|x86
	EndGlobalSection
	GlobalSection(ProjectConfigurationPlatforms) = postSolution
		{0C64E1A0-7791-457B-BD8A-60CBA4979702}.Debug|Any CPU.ActiveCfg = Debug|Any CPU
		{0C64E1A0-7791-457B-BD8A-60CBA4979702}.Debug|Any CPU.Build.0 = Debug|Any CPU
		{0C64E1A0-7791-457B-BD8A-60CBA4979702}.Debug|Mixed Platforms.ActiveCfg = Debug|Any CPU
		{0C64E1A0-7791-457B-BD8A-60CBA4979702}.Debug|Mixed Platforms.Build.0 = Debug|Any CPU
		{0C64E1A0-7791-457B-BD8A-60CBA4979702}.Debug|x86.ActiveCfg = Debug|Any CPU
		{0C64E1A0-7791-457B-BD8A-60CBA4979702}.Debug|x86.Build.0 = Debug|Any CPU
		{0C64E1A0-7791-457B-BD8A-60CBA4979702}.Release|Any CPU.ActiveCfg = Release|Any CPU
		{0C64E1A0-7791-457B-BD8A-60CBA4979702}.Release|Any CPU.Build.0 = Release|Any CPU
		{0C64E1A0-7791-457B-BD8A-60CBA4979702}.Release|Mixed Platforms.ActiveCfg = Release|Any CPU
		{0C64E1A0-7791-457B-BD8A-60CBA4979702}.Release|Mixed Platforms.Build.0 = Release|Any CPU
		{0C64E1A0-7791-457B-BD8A-60CBA4979702}.Release|x86.ActiveCfg = Release|Any CPU
		{0C64E1A0-7791-457B-BD8A-60CBA4979702}.Release|x86.Build.0 = Release|Any CPU
		{AF7CC9D8-E786-472B-85CD-8EE5E7429D25}.Debug|Any CPU.ActiveCfg = Debug|Any CPU
		{AF7CC9D8-E786-472B-85CD-8EE5E7429D25}.Debug|Any CPU.Build.0 = Debug|Any CPU
		{AF7CC9D8-E786-472B-85CD-8EE5E7429D25}.Debug|Mixed Platforms.ActiveCfg = Debug|Any CPU
		{AF7CC9D8-E786-472B-85CD-8EE5E7429D25}.Debug|Mixed Platforms.Build.0 = Debug|Any CPU
		{AF7CC9D8-E786-472B-85CD-8EE5E7429D25}.Debug|x86.ActiveCfg = Debug|Any CPU
		{AF7CC9D8-E786-472B-85CD-8EE5E7429D25}.Debug|x86.Build.0 = Debug|Any CPU
		{AF7CC9D8-E786-472B-85CD-8EE5E7429D25}.Release|Any CPU.ActiveCfg = Release|Any CPU
		{AF7CC9D8-E786-472B-85CD-8EE5E7429D25}.Release|Any CPU.Build.0 = Release|Any CPU
		{AF7CC9D8-E786-472B-85CD-8EE5E7429D25}.Release|Mixed Platforms.ActiveCfg = Release|Any CPU
		{AF7CC9D8-E786-472B-85CD-8EE5E7429D25}.Release|Mixed Platforms.Build.0 = Release|Any CPU
		{AF7CC9D8-E786-472B-85CD-8EE5E7429D25}.Release|x86.ActiveCfg = Release|Any CPU
		{AF7CC9D8-E786-472B-85CD-8EE5E7429D25}.Release|x86.Build.0 = Release|Any CPU
		{6F44879B-8659-4093-B9BB-E811B286CB49}.Debug|Any CPU.ActiveCfg = Debug|Any CPU
		{6F44879B-8659-4093-B9BB-E811B286CB49}.Debug|Any CPU.Build.0 = Debug|Any CPU
		{6F44879B-8659-4093-B9BB-E811B286CB49}.Debug|Mixed Platforms.ActiveCfg = Debug|Any CPU
		{6F44879B-8659-4093-B9BB-E811B286CB49}.Debug|Mixed Platforms.Build.0 = Debug|Any CPU
		{6F44879B-8659-4093-B9BB-E811B286CB49}.Debug|x86.ActiveCfg = Debug|Any CPU
		{6F44879B-8659-4093-B9BB-E811B286CB49}.Debug|x86.Build.0 = Debug|Any CPU
		{6F44879B-8659-4093-B9BB-E811B286CB49}.Release|Any CPU.ActiveCfg = Release|Any CPU
		{6F44879B-8659-4093-B9BB-E811B286CB49}.Release|Any CPU.Build.0 = Release|Any CPU
		{6F44879B-8659-4093-B9BB-E811B286CB49}.Release|Mixed Platforms.ActiveCfg = Release|Any CPU
		{6F44879B-8659-4093-B9BB-E811B286CB49}.Release|Mixed Platforms.Build.0 = Release|Any CPU
		{6F44879B-8659-4093-B9BB-E811B286CB49}.Release|x86.ActiveCfg = Release|Any CPU
		{6F44879B-8659-4093-B9BB-E811B286CB49}.Release|x86.Build.0 = Release|Any CPU
		{69D44EF8-50EB-4DB4-9371-AF08C69C8586}.Debug|Any CPU.ActiveCfg = Debug|Any CPU
		{69D44EF8-50EB-4DB4-9371-AF08C69C8586}.Debug|Any CPU.Build.0 = Debug|Any CPU
		{69D44EF8-50EB-4DB4-9371-AF08C69C8586}.Debug|Mixed Platforms.ActiveCfg = Debug|Any CPU
		{69D44EF8-50EB-4DB4-9371-AF08C69C8586}.Debug|Mixed Platforms.Build.0 = Debug|Any CPU
		{69D44EF8-50EB-4DB4-9371-AF08C69C8586}.Debug|x86.ActiveCfg = Debug|Any CPU
		{69D44EF8-50EB-4DB4-9371-AF08C69C8586}.Debug|x86.Build.0 = Debug|Any CPU
		{69D44EF8-50EB-4DB4-9371-AF08C69C8586}.Release|Any CPU.ActiveCfg = Release|Any CPU
		{69D44EF8-50EB-4DB4-9371-AF08C69C8586}.Release|Any CPU.Build.0 = Release|Any CPU
		{69D44EF8-50EB-4DB4-9371-AF08C69C8586}.Release|Mixed Platforms.ActiveCfg = Release|Any CPU
		{69D44EF8-50EB-4DB4-9371-AF08C69C8586}.Release|Mixed Platforms.Build.0 = Release|Any CPU
		{69D44EF8-50EB-4DB4-9371-AF08C69C8586}.Release|x86.ActiveCfg = Release|Any CPU
		{69D44EF8-50EB-4DB4-9371-AF08C69C8586}.Release|x86.Build.0 = Release|Any CPU
		{7C4EF04F-1261-42E3-A1D9-71197299585E}.Debug|Any CPU.ActiveCfg = Debug|Any CPU
		{7C4EF04F-1261-42E3-A1D9-71197299585E}.Debug|Any CPU.Build.0 = Debug|Any CPU
		{7C4EF04F-1261-42E3-A1D9-71197299585E}.Debug|Mixed Platforms.ActiveCfg = Debug|Any CPU
		{7C4EF04F-1261-42E3-A1D9-71197299585E}.Debug|Mixed Platforms.Build.0 = Debug|Any CPU
		{7C4EF04F-1261-42E3-A1D9-71197299585E}.Debug|x86.ActiveCfg = Debug|Any CPU
		{7C4EF04F-1261-42E3-A1D9-71197299585E}.Debug|x86.Build.0 = Debug|Any CPU
		{7C4EF04F-1261-42E3-A1D9-71197299585E}.Release|Any CPU.ActiveCfg = Release|Any CPU
		{7C4EF04F-1261-42E3-A1D9-71197299585E}.Release|Any CPU.Build.0 = Release|Any CPU
		{7C4EF04F-1261-42E3-A1D9-71197299585E}.Release|Mixed Platforms.ActiveCfg = Release|Any CPU
		{7C4EF04F-1261-42E3-A1D9-71197299585E}.Release|Mixed Platforms.Build.0 = Release|Any CPU
		{7C4EF04F-1261-42E3-A1D9-71197299585E}.Release|x86.ActiveCfg = Release|Any CPU
		{7C4EF04F-1261-42E3-A1D9-71197299585E}.Release|x86.Build.0 = Release|Any CPU
	EndGlobalSection
	GlobalSection(SolutionProperties) = preSolution
		HideSolutionNode = FALSE
	EndGlobalSection
	GlobalSection(NestedProjects) = preSolution
		{0C64E1A0-7791-457B-BD8A-60CBA4979702} = {363D2681-31A6-48C9-90BB-9ACFF4A41F06}
		{AF7CC9D8-E786-472B-85CD-8EE5E7429D25} = {B7B176B6-8D4D-4EF1-BBD2-DDA650C78FFF}
		{6F44879B-8659-4093-B9BB-E811B286CB49} = {B7B176B6-8D4D-4EF1-BBD2-DDA650C78FFF}
		{69D44EF8-50EB-4DB4-9371-AF08C69C8586} = {B7B176B6-8D4D-4EF1-BBD2-DDA650C78FFF}
		{7C4EF04F-1261-42E3-A1D9-71197299585E} = {B7B176B6-8D4D-4EF1-BBD2-DDA650C78FFF}
	EndGlobalSection
EndGlobal
