
Microsoft Visual Studio Solution File, Format Version 12.00
# Visual Studio 14
VisualStudioVersion = 14.0.22529.0
MinimumVisualStudioVersion = 10.0.40219.1
Project("{151D2E53-A2C4-4D7D-83FE-D05416EBD58E}") = "PartsUnlimited.Environment", "PartsUnlimited.Environment\PartsUnlimited.Environment.deployproj", "{A38CD247-E7EC-4035-914C-AEAF6ABE3941}"
EndProject
Global
	GlobalSection(SolutionConfigurationPlatforms) = preSolution
		Debug|Any CPU = Debug|Any CPU
		Release|Any CPU = Release|Any CPU
	EndGlobalSection
	GlobalSection(ProjectConfigurationPlatforms) = postSolution
		{A38CD247-E7EC-4035-914C-AEAF6ABE3941}.Debug|Any CPU.ActiveCfg = Debug|Any CPU
		{A38CD247-E7EC-4035-914C-AEAF6ABE3941}.Debug|Any CPU.Build.0 = Debug|Any CPU
		{A38CD247-E7EC-4035-914C-AEAF6ABE3941}.Release|Any CPU.ActiveCfg = Release|Any CPU
		{A38CD247-E7EC-4035-914C-AEAF6ABE3941}.Release|Any CPU.Build.0 = Release|Any CPU
	EndGlobalSection
	GlobalSection(SolutionProperties) = preSolution
		HideSolutionNode = FALSE
	EndGlobalSection
EndGlobal
