
Microsoft Visual Studio Solution File, Format Version 12.00
# Visual Studio 14
VisualStudioVersion = 14.0.25420.1
MinimumVisualStudioVersion = 10.0.40219.1
Project("{151D2E53-A2C4-4D7D-83FE-D05416EBD58E}") = "AzureStorageAccountDeployment", "AzureStorageAccountDeployment\AzureStorageAccountDeployment.deployproj", "{C6570F92-35B8-432B-900D-B2B719B8EC40}"
EndProject
Global
	GlobalSection(SolutionConfigurationPlatforms) = preSolution
		Debug|Any CPU = Debug|Any CPU
		Release|Any CPU = Release|Any CPU
	EndGlobalSection
	GlobalSection(ProjectConfigurationPlatforms) = postSolution
		{C6570F92-35B8-432B-900D-B2B719B8EC40}.Debug|Any CPU.ActiveCfg = Debug|Any CPU
		{C6570F92-35B8-432B-900D-B2B719B8EC40}.Debug|Any CPU.Build.0 = Debug|Any CPU
		{C6570F92-35B8-432B-900D-B2B719B8EC40}.Release|Any CPU.ActiveCfg = Release|Any CPU
		{C6570F92-35B8-432B-900D-B2B719B8EC40}.Release|Any CPU.Build.0 = Release|Any CPU
	EndGlobalSection
	GlobalSection(SolutionProperties) = preSolution
		HideSolutionNode = FALSE
	EndGlobalSection
EndGlobal
